// !$*UTF8*$!
{
	archiveVersion = 1;
	classes = {
	};
	objectVersion = 56;
	objects = {

/* Begin PBXBuildFile section */
		6A18A3212C2B354C00C9DBF5 /* MybooksApp.swift in Sources */ = {isa = PBXBuildFile; fileRef = 6A18A3202C2B354C00C9DBF5 /* MybooksApp.swift */; };
		6A18A3232C2B354C00C9DBF5 /* BookListView.swift in Sources */ = {isa = PBXBuildFile; fileRef = 6A18A3222C2B354C00C9DBF5 /* BookListView.swift */; };
		6A18A3252C2B354D00C9DBF5 /* Assets.xcassets in Resources */ = {isa = PBXBuildFile; fileRef = 6A18A3242C2B354D00C9DBF5 /* Assets.xcassets */; };
		6A18A3282C2B354D00C9DBF5 /* Preview Assets.xcassets in Resources */ = {isa = PBXBuildFile; fileRef = 6A18A3272C2B354D00C9DBF5 /* Preview Assets.xcassets */; };
		6A18A3322C2B354E00C9DBF5 /* MybooksTests.swift in Sources */ = {isa = PBXBuildFile; fileRef = 6A18A3312C2B354E00C9DBF5 /* MybooksTests.swift */; };
		6A18A33C2C2B354E00C9DBF5 /* MybooksUITests.swift in Sources */ = {isa = PBXBuildFile; fileRef = 6A18A33B2C2B354E00C9DBF5 /* MybooksUITests.swift */; };
		6A18A33E2C2B354E00C9DBF5 /* MybooksUITestsLaunchTests.swift in Sources */ = {isa = PBXBuildFile; fileRef = 6A18A33D2C2B354E00C9DBF5 /* MybooksUITestsLaunchTests.swift */; };
		6A18A34B2C2B35A800C9DBF5 /* Book.swift in Sources */ = {isa = PBXBuildFile; fileRef = 6A18A34A2C2B35A800C9DBF5 /* Book.swift */; };
		6A18A34D2C2B3AD300C9DBF5 /* NewBookView.swift in Sources */ = {isa = PBXBuildFile; fileRef = 6A18A34C2C2B3AD300C9DBF5 /* NewBookView.swift */; };
		6A18A34F2C2B7C7A00C9DBF5 /* EditBookView.swift in Sources */ = {isa = PBXBuildFile; fileRef = 6A18A34E2C2B7C7A00C9DBF5 /* EditBookView.swift */; };
		6A2BFA992C2CB34000215279 /* RatingsView.swift in Sources */ = {isa = PBXBuildFile; fileRef = 6A2BFA982C2CB34000215279 /* RatingsView.swift */; };
/* End PBXBuildFile section */

/* Begin PBXContainerItemProxy section */
		6A18A32E2C2B354E00C9DBF5 /* PBXContainerItemProxy */ = {
			isa = PBXContainerItemProxy;
			containerPortal = 6A18A3152C2B354C00C9DBF5 /* Project object */;
			proxyType = 1;
			remoteGlobalIDString = 6A18A31C2C2B354C00C9DBF5;
			remoteInfo = Mybooks;
		};
		6A18A3382C2B354E00C9DBF5 /* PBXContainerItemProxy */ = {
			isa = PBXContainerItemProxy;
			containerPortal = 6A18A3152C2B354C00C9DBF5 /* Project object */;
			proxyType = 1;
			remoteGlobalIDString = 6A18A31C2C2B354C00C9DBF5;
			remoteInfo = Mybooks;
		};
/* End PBXContainerItemProxy section */

/* Begin PBXFileReference section */
		6A18A31D2C2B354C00C9DBF5 /* Mybooks.app */ = {isa = PBXFileReference; explicitFileType = wrapper.application; includeInIndex = 0; path = Mybooks.app; sourceTree = BUILT_PRODUCTS_DIR; };
		6A18A3202C2B354C00C9DBF5 /* MybooksApp.swift */ = {isa = PBXFileReference; lastKnownFileType = sourcecode.swift; path = MybooksApp.swift; sourceTree = "<group>"; };
		6A18A3222C2B354C00C9DBF5 /* BookListView.swift */ = {isa = PBXFileReference; lastKnownFileType = sourcecode.swift; path = BookListView.swift; sourceTree = "<group>"; };
		6A18A3242C2B354D00C9DBF5 /* Assets.xcassets */ = {isa = PBXFileReference; lastKnownFileType = folder.assetcatalog; path = Assets.xcassets; sourceTree = "<group>"; };
		6A18A3272C2B354D00C9DBF5 /* Preview Assets.xcassets */ = {isa = PBXFileReference; lastKnownFileType = folder.assetcatalog; path = "Preview Assets.xcassets"; sourceTree = "<group>"; };
		6A18A32D2C2B354E00C9DBF5 /* MybooksTests.xctest */ = {isa = PBXFileReference; explicitFileType = wrapper.cfbundle; includeInIndex = 0; path = MybooksTests.xctest; sourceTree = BUILT_PRODUCTS_DIR; };
		6A18A3312C2B354E00C9DBF5 /* MybooksTests.swift */ = {isa = PBXFileReference; lastKnownFileType = sourcecode.swift; path = MybooksTests.swift; sourceTree = "<group>"; };
		6A18A3372C2B354E00C9DBF5 /* MybooksUITests.xctest */ = {isa = PBXFileReference; explicitFileType = wrapper.cfbundle; includeInIndex = 0; path = MybooksUITests.xctest; sourceTree = BUILT_PRODUCTS_DIR; };
		6A18A33B2C2B354E00C9DBF5 /* MybooksUITests.swift */ = {isa = PBXFileReference; lastKnownFileType = sourcecode.swift; path = MybooksUITests.swift; sourceTree = "<group>"; };
		6A18A33D2C2B354E00C9DBF5 /* MybooksUITestsLaunchTests.swift */ = {isa = PBXFileReference; lastKnownFileType = sourcecode.swift; path = MybooksUITestsLaunchTests.swift; sourceTree = "<group>"; };
		6A18A34A2C2B35A800C9DBF5 /* Book.swift */ = {isa = PBXFileReference; lastKnownFileType = sourcecode.swift; path = Book.swift; sourceTree = "<group>"; };
		6A18A34C2C2B3AD300C9DBF5 /* NewBookView.swift */ = {isa = PBXFileReference; lastKnownFileType = sourcecode.swift; path = NewBookView.swift; sourceTree = "<group>"; };
		6A18A34E2C2B7C7A00C9DBF5 /* EditBookView.swift */ = {isa = PBXFileReference; lastKnownFileType = sourcecode.swift; path = EditBookView.swift; sourceTree = "<group>"; };
		6A2BFA982C2CB34000215279 /* RatingsView.swift */ = {isa = PBXFileReference; fileEncoding = 4; lastKnownFileType = sourcecode.swift; path = RatingsView.swift; sourceTree = "<group>"; };
/* End PBXFileReference section */

/* Begin PBXFrameworksBuildPhase section */
		6A18A31A2C2B354C00C9DBF5 /* Frameworks */ = {
			isa = PBXFrameworksBuildPhase;
			buildActionMask = 2147483647;
			files = (
			);
			runOnlyForDeploymentPostprocessing = 0;
		};
		6A18A32A2C2B354E00C9DBF5 /* Frameworks */ = {
			isa = PBXFrameworksBuildPhase;
			buildActionMask = 2147483647;
			files = (
			);
			runOnlyForDeploymentPostprocessing = 0;
		};
		6A18A3342C2B354E00C9DBF5 /* Frameworks */ = {
			isa = PBXFrameworksBuildPhase;
			buildActionMask = 2147483647;
			files = (
			);
			runOnlyForDeploymentPostprocessing = 0;
		};
/* End PBXFrameworksBuildPhase section */

/* Begin PBXGroup section */
		6A18A3142C2B354C00C9DBF5 = {
			isa = PBXGroup;
			children = (
				6A18A31F2C2B354C00C9DBF5 /* Mybooks */,
				6A18A3302C2B354E00C9DBF5 /* MybooksTests */,
				6A18A33A2C2B354E00C9DBF5 /* MybooksUITests */,
				6A18A31E2C2B354C00C9DBF5 /* Products */,
			);
			sourceTree = "<group>";
		};
		6A18A31E2C2B354C00C9DBF5 /* Products */ = {
			isa = PBXGroup;
			children = (
				6A18A31D2C2B354C00C9DBF5 /* Mybooks.app */,
				6A18A32D2C2B354E00C9DBF5 /* MybooksTests.xctest */,
				6A18A3372C2B354E00C9DBF5 /* MybooksUITests.xctest */,
			);
			name = Products;
			sourceTree = "<group>";
		};
		6A18A31F2C2B354C00C9DBF5 /* Mybooks */ = {
			isa = PBXGroup;
			children = (
				6A18A3202C2B354C00C9DBF5 /* MybooksApp.swift */,
				6A18A3222C2B354C00C9DBF5 /* BookListView.swift */,
				6A18A34E2C2B7C7A00C9DBF5 /* EditBookView.swift */,
				6A18A34C2C2B3AD300C9DBF5 /* NewBookView.swift */,
				6A2BFA982C2CB34000215279 /* RatingsView.swift */,
				6A18A34A2C2B35A800C9DBF5 /* Book.swift */,
				6A18A3242C2B354D00C9DBF5 /* Assets.xcassets */,
				6A18A3262C2B354D00C9DBF5 /* Preview Content */,
			);
			path = Mybooks;
			sourceTree = "<group>";
		};
		6A18A3262C2B354D00C9DBF5 /* Preview Content */ = {
			isa = PBXGroup;
			children = (
				6A18A3272C2B354D00C9DBF5 /* Preview Assets.xcassets */,
			);
			path = "Preview Content";
			sourceTree = "<group>";
		};
		6A18A3302C2B354E00C9DBF5 /* MybooksTests */ = {
			isa = PBXGroup;
			children = (
				6A18A3312C2B354E00C9DBF5 /* MybooksTests.swift */,
			);
			path = MybooksTests;
			sourceTree = "<group>";
		};
		6A18A33A2C2B354E00C9DBF5 /* MybooksUITests */ = {
			isa = PBXGroup;
			children = (
				6A18A33B2C2B354E00C9DBF5 /* MybooksUITests.swift */,
				6A18A33D2C2B354E00C9DBF5 /* MybooksUITestsLaunchTests.swift */,
			);
			path = MybooksUITests;
			sourceTree = "<group>";
		};
/* End PBXGroup section */

/* Begin PBXNativeTarget section */
		6A18A31C2C2B354C00C9DBF5 /* Mybooks */ = {
			isa = PBXNativeTarget;
			buildConfigurationList = 6A18A3412C2B354E00C9DBF5 /* Build configuration list for PBXNativeTarget "Mybooks" */;
			buildPhases = (
				6A18A3192C2B354C00C9DBF5 /* Sources */,
				6A18A31A2C2B354C00C9DBF5 /* Frameworks */,
				6A18A31B2C2B354C00C9DBF5 /* Resources */,
			);
			buildRules = (
			);
			dependencies = (
			);
			name = Mybooks;
			productName = Mybooks;
			productReference = 6A18A31D2C2B354C00C9DBF5 /* Mybooks.app */;
			productType = "com.apple.product-type.application";
		};
		6A18A32C2C2B354E00C9DBF5 /* MybooksTests */ = {
			isa = PBXNativeTarget;
			buildConfigurationList = 6A18A3442C2B354E00C9DBF5 /* Build configuration list for PBXNativeTarget "MybooksTests" */;
			buildPhases = (
				6A18A3292C2B354E00C9DBF5 /* Sources */,
				6A18A32A2C2B354E00C9DBF5 /* Frameworks */,
				6A18A32B2C2B354E00C9DBF5 /* Resources */,
			);
			buildRules = (
			);
			dependencies = (
				6A18A32F2C2B354E00C9DBF5 /* PBXTargetDependency */,
			);
			name = MybooksTests;
			productName = MybooksTests;
			productReference = 6A18A32D2C2B354E00C9DBF5 /* MybooksTests.xctest */;
			productType = "com.apple.product-type.bundle.unit-test";
		};
		6A18A3362C2B354E00C9DBF5 /* MybooksUITests */ = {
			isa = PBXNativeTarget;
			buildConfigurationList = 6A18A3472C2B354E00C9DBF5 /* Build configuration list for PBXNativeTarget "MybooksUITests" */;
			buildPhases = (
				6A18A3332C2B354E00C9DBF5 /* Sources */,
				6A18A3342C2B354E00C9DBF5 /* Frameworks */,
				6A18A3352C2B354E00C9DBF5 /* Resources */,
			);
			buildRules = (
			);
			dependencies = (
				6A18A3392C2B354E00C9DBF5 /* PBXTargetDependency */,
			);
			name = MybooksUITests;
			productName = MybooksUITests;
			productReference = 6A18A3372C2B354E00C9DBF5 /* MybooksUITests.xctest */;
			productType = "com.apple.product-type.bundle.ui-testing";
		};
/* End PBXNativeTarget section */

/* Begin PBXProject section */
		6A18A3152C2B354C00C9DBF5 /* Project object */ = {
			isa = PBXProject;
			attributes = {
				BuildIndependentTargetsInParallel = 1;
				LastSwiftUpdateCheck = 1520;
				LastUpgradeCheck = 1520;
				TargetAttributes = {
					6A18A31C2C2B354C00C9DBF5 = {
						CreatedOnToolsVersion = 15.2;
					};
					6A18A32C2C2B354E00C9DBF5 = {
						CreatedOnToolsVersion = 15.2;
						TestTargetID = 6A18A31C2C2B354C00C9DBF5;
					};
					6A18A3362C2B354E00C9DBF5 = {
						CreatedOnToolsVersion = 15.2;
						TestTargetID = 6A18A31C2C2B354C00C9DBF5;
					};
				};
			};
			buildConfigurationList = 6A18A3182C2B354C00C9DBF5 /* Build configuration list for PBXProject "Mybooks" */;
			compatibilityVersion = "Xcode 14.0";
			developmentRegion = en;
			hasScannedForEncodings = 0;
			knownRegions = (
				en,
				Base,
			);
			mainGroup = 6A18A3142C2B354C00C9DBF5;
			productRefGroup = 6A18A31E2C2B354C00C9DBF5 /* Products */;
			projectDirPath = "";
			projectRoot = "";
			targets = (
				6A18A31C2C2B354C00C9DBF5 /* Mybooks */,
				6A18A32C2C2B354E00C9DBF5 /* MybooksTests */,
				6A18A3362C2B354E00C9DBF5 /* MybooksUITests */,
			);
		};
/* End PBXProject section */

/* Begin PBXResourcesBuildPhase section */
		6A18A31B2C2B354C00C9DBF5 /* Resources */ = {
			isa = PBXResourcesBuildPhase;
			buildActionMask = 2147483647;
			files = (
				6A18A3282C2B354D00C9DBF5 /* Preview Assets.xcassets in Resources */,
				6A18A3252C2B354D00C9DBF5 /* Assets.xcassets in Resources */,
			);
			runOnlyForDeploymentPostprocessing = 0;
		};
		6A18A32B2C2B354E00C9DBF5 /* Resources */ = {
			isa = PBXResourcesBuildPhase;
			buildActionMask = 2147483647;
			files = (
			);
			runOnlyForDeploymentPostprocessing = 0;
		};
		6A18A3352C2B354E00C9DBF5 /* Resources */ = {
			isa = PBXResourcesBuildPhase;
			buildActionMask = 2147483647;
			files = (
			);
			runOnlyForDeploymentPostprocessing = 0;
		};
/* End PBXResourcesBuildPhase section */

/* Begin PBXSourcesBuildPhase section */
		6A18A3192C2B354C00C9DBF5 /* Sources */ = {
			isa = PBXSourcesBuildPhase;
			buildActionMask = 2147483647;
			files = (
				6A18A34D2C2B3AD300C9DBF5 /* NewBookView.swift in Sources */,
				6A2BFA992C2CB34000215279 /* RatingsView.swift in Sources */,
				6A18A34F2C2B7C7A00C9DBF5 /* EditBookView.swift in Sources */,
				6A18A3232C2B354C00C9DBF5 /* BookListView.swift in Sources */,
				6A18A3212C2B354C00C9DBF5 /* MybooksApp.swift in Sources */,
				6A18A34B2C2B35A800C9DBF5 /* Book.swift in Sources */,
			);
			runOnlyForDeploymentPostprocessing = 0;
		};
		6A18A3292C2B354E00C9DBF5 /* Sources */ = {
			isa = PBXSourcesBuildPhase;
			buildActionMask = 2147483647;
			files = (
				6A18A3322C2B354E00C9DBF5 /* MybooksTests.swift in Sources */,
			);
			runOnlyForDeploymentPostprocessing = 0;
		};
		6A18A3332C2B354E00C9DBF5 /* Sources */ = {
			isa = PBXSourcesBuildPhase;
			buildActionMask = 2147483647;
			files = (
				6A18A33C2C2B354E00C9DBF5 /* MybooksUITests.swift in Sources */,
				6A18A33E2C2B354E00C9DBF5 /* MybooksUITestsLaunchTests.swift in Sources */,
			);
			runOnlyForDeploymentPostprocessing = 0;
		};
/* End PBXSourcesBuildPhase section */

/* Begin PBXTargetDependency section */
		6A18A32F2C2B354E00C9DBF5 /* PBXTargetDependency */ = {
			isa = PBXTargetDependency;
			target = 6A18A31C2C2B354C00C9DBF5 /* Mybooks */;
			targetProxy = 6A18A32E2C2B354E00C9DBF5 /* PBXContainerItemProxy */;
		};
		6A18A3392C2B354E00C9DBF5 /* PBXTargetDependency */ = {
			isa = PBXTargetDependency;
			target = 6A18A31C2C2B354C00C9DBF5 /* Mybooks */;
			targetProxy = 6A18A3382C2B354E00C9DBF5 /* PBXContainerItemProxy */;
		};
/* End PBXTargetDependency section */

/* Begin XCBuildConfiguration section */
		6A18A33F2C2B354E00C9DBF5 /* Debug */ = {
			isa = XCBuildConfiguration;
			buildSettings = {
				ALWAYS_SEARCH_USER_PATHS = NO;
				ASSETCATALOG_COMPILER_GENERATE_SWIFT_ASSET_SYMBOL_EXTENSIONS = YES;
				CLANG_ANALYZER_NONNULL = YES;
				CLANG_ANALYZER_NUMBER_OBJECT_CONVERSION = YES_AGGRESSIVE;
				CLANG_CXX_LANGUAGE_STANDARD = "gnu++20";
				CLANG_ENABLE_MODULES = YES;
				CLANG_ENABLE_OBJC_ARC = YES;
				CLANG_ENABLE_OBJC_WEAK = YES;
				CLANG_WARN_BLOCK_CAPTURE_AUTORELEASING = YES;
				CLANG_WARN_BOOL_CONVERSION = YES;
				CLANG_WARN_COMMA = YES;
				CLANG_WARN_CONSTANT_CONVERSION = YES;
				CLANG_WARN_DEPRECATED_OBJC_IMPLEMENTATIONS = YES;
				CLANG_WARN_DIRECT_OBJC_ISA_USAGE = YES_ERROR;
				CLANG_WARN_DOCUMENTATION_COMMENTS = YES;
				CLANG_WARN_EMPTY_BODY = YES;
				CLANG_WARN_ENUM_CONVERSION = YES;
				CLANG_WARN_INFINITE_RECURSION = YES;
				CLANG_WARN_INT_CONVERSION = YES;
				CLANG_WARN_NON_LITERAL_NULL_CONVERSION = YES;
				CLANG_WARN_OBJC_IMPLICIT_RETAIN_SELF = YES;
				CLANG_WARN_OBJC_LITERAL_CONVERSION = YES;
				CLANG_WARN_OBJC_ROOT_CLASS = YES_ERROR;
				CLANG_WARN_QUOTED_INCLUDE_IN_FRAMEWORK_HEADER = YES;
				CLANG_WARN_RANGE_LOOP_ANALYSIS = YES;
				CLANG_WARN_STRICT_PROTOTYPES = YES;
				CLANG_WARN_SUSPICIOUS_MOVE = YES;
				CLANG_WARN_UNGUARDED_AVAILABILITY = YES_AGGRESSIVE;
				CLANG_WARN_UNREACHABLE_CODE = YES;
				CLANG_WARN__DUPLICATE_METHOD_MATCH = YES;
				COPY_PHASE_STRIP = NO;
				DEBUG_INFORMATION_FORMAT = dwarf;
				ENABLE_STRICT_OBJC_MSGSEND = YES;
				ENABLE_TESTABILITY = YES;
				ENABLE_USER_SCRIPT_SANDBOXING = YES;
				GCC_C_LANGUAGE_STANDARD = gnu17;
				GCC_DYNAMIC_NO_PIC = NO;
				GCC_NO_COMMON_BLOCKS = YES;
				GCC_OPTIMIZATION_LEVEL = 0;
				GCC_PREPROCESSOR_DEFINITIONS = (
					"DEBUG=1",
					"$(inherited)",
				);
				GCC_WARN_64_TO_32_BIT_CONVERSION = YES;
				GCC_WARN_ABOUT_RETURN_TYPE = YES_ERROR;
				GCC_WARN_UNDECLARED_SELECTOR = YES;
				GCC_WARN_UNINITIALIZED_AUTOS = YES_AGGRESSIVE;
				GCC_WARN_UNUSED_FUNCTION = YES;
				GCC_WARN_UNUSED_VARIABLE = YES;
				IPHONEOS_DEPLOYMENT_TARGET = 17.2;
				LOCALIZATION_PREFERS_STRING_CATALOGS = YES;
				MTL_ENABLE_DEBUG_INFO = INCLUDE_SOURCE;
				MTL_FAST_MATH = YES;
				ONLY_ACTIVE_ARCH = YES;
				SDKROOT = iphoneos;
				SWIFT_ACTIVE_COMPILATION_CONDITIONS = "DEBUG $(inherited)";
				SWIFT_OPTIMIZATION_LEVEL = "-Onone";
			};
			name = Debug;
		};
		6A18A3402C2B354E00C9DBF5 /* Release */ = {
			isa = XCBuildConfiguration;
			buildSettings = {
				ALWAYS_SEARCH_USER_PATHS = NO;
				ASSETCATALOG_COMPILER_GENERATE_SWIFT_ASSET_SYMBOL_EXTENSIONS = YES;
				CLANG_ANALYZER_NONNULL = YES;
				CLANG_ANALYZER_NUMBER_OBJECT_CONVERSION = YES_AGGRESSIVE;
				CLANG_CXX_LANGUAGE_STANDARD = "gnu++20";
				CLANG_ENABLE_MODULES = YES;
				CLANG_ENABLE_OBJC_ARC = YES;
				CLANG_ENABLE_OBJC_WEAK = YES;
				CLANG_WARN_BLOCK_CAPTURE_AUTORELEASING = YES;
				CLANG_WARN_BOOL_CONVERSION = YES;
				CLANG_WARN_COMMA = YES;
				CLANG_WARN_CONSTANT_CONVERSION = YES;
				CLANG_WARN_DEPRECATED_OBJC_IMPLEMENTATIONS = YES;
				CLANG_WARN_DIRECT_OBJC_ISA_USAGE = YES_ERROR;
				CLANG_WARN_DOCUMENTATION_COMMENTS = YES;
				CLANG_WARN_EMPTY_BODY = YES;
				CLANG_WARN_ENUM_CONVERSION = YES;
				CLANG_WARN_INFINITE_RECURSION = YES;
				CLANG_WARN_INT_CONVERSION = YES;
				CLANG_WARN_NON_LITERAL_NULL_CONVERSION = YES;
				CLANG_WARN_OBJC_IMPLICIT_RETAIN_SELF = YES;
				CLANG_WARN_OBJC_LITERAL_CONVERSION = YES;
				CLANG_WARN_OBJC_ROOT_CLASS = YES_ERROR;
				CLANG_WARN_QUOTED_INCLUDE_IN_FRAMEWORK_HEADER = YES;
				CLANG_WARN_RANGE_LOOP_ANALYSIS = YES;
				CLANG_WARN_STRICT_PROTOTYPES = YES;
				CLANG_WARN_SUSPICIOUS_MOVE = YES;
				CLANG_WARN_UNGUARDED_AVAILABILITY = YES_AGGRESSIVE;
				CLANG_WARN_UNREACHABLE_CODE = YES;
				CLANG_WARN__DUPLICATE_METHOD_MATCH = YES;
				COPY_PHASE_STRIP = NO;
				DEBUG_INFORMATION_FORMAT = "dwarf-with-dsym";
				ENABLE_NS_ASSERTIONS = NO;
				ENABLE_STRICT_OBJC_MSGSEND = YES;
				ENABLE_USER_SCRIPT_SANDBOXING = YES;
				GCC_C_LANGUAGE_STANDARD = gnu17;
				GCC_NO_COMMON_BLOCKS = YES;
				GCC_WARN_64_TO_32_BIT_CONVERSION = YES;
				GCC_WARN_ABOUT_RETURN_TYPE = YES_ERROR;
				GCC_WARN_UNDECLARED_SELECTOR = YES;
				GCC_WARN_UNINITIALIZED_AUTOS = YES_AGGRESSIVE;
				GCC_WARN_UNUSED_FUNCTION = YES;
				GCC_WARN_UNUSED_VARIABLE = YES;
				IPHONEOS_DEPLOYMENT_TARGET = 17.2;
				LOCALIZATION_PREFERS_STRING_CATALOGS = YES;
				MTL_ENABLE_DEBUG_INFO = NO;
				MTL_FAST_MATH = YES;
				SDKROOT = iphoneos;
				SWIFT_COMPILATION_MODE = wholemodule;
				VALIDATE_PRODUCT = YES;
			};
			name = Release;
		};
		6A18A3422C2B354E00C9DBF5 /* Debug */ = {
			isa = XCBuildConfiguration;
			buildSettings = {
				ASSETCATALOG_COMPILER_APPICON_NAME = AppIcon;
				ASSETCATALOG_COMPILER_GLOBAL_ACCENT_COLOR_NAME = AccentColor;
				CODE_SIGN_STYLE = Automatic;
				CURRENT_PROJECT_VERSION = 1;
				DEVELOPMENT_ASSET_PATHS = "\"Mybooks/Preview Content\"";
				ENABLE_PREVIEWS = YES;
				GENERATE_INFOPLIST_FILE = YES;
				INFOPLIST_KEY_UIApplicationSceneManifest_Generation = YES;
				INFOPLIST_KEY_UIApplicationSupportsIndirectInputEvents = YES;
				INFOPLIST_KEY_UILaunchScreen_Generation = YES;
				INFOPLIST_KEY_UISupportedInterfaceOrientations_iPad = "UIInterfaceOrientationPortrait UIInterfaceOrientationPortraitUpsideDown UIInterfaceOrientationLandscapeLeft UIInterfaceOrientationLandscapeRight";
				INFOPLIST_KEY_UISupportedInterfaceOrientations_iPhone = "UIInterfaceOrientationPortrait UIInterfaceOrientationLandscapeLeft UIInterfaceOrientationLandscapeRight";
				LD_RUNPATH_SEARCH_PATHS = (
					"$(inherited)",
					"@executable_path/Frameworks",
				);
				MARKETING_VERSION = 1.0;
				PRODUCT_BUNDLE_IDENTIFIER = PedroDev.Mybooks;
				PRODUCT_NAME = "$(TARGET_NAME)";
				SWIFT_EMIT_LOC_STRINGS = YES;
				SWIFT_VERSION = 5.0;
				TARGETED_DEVICE_FAMILY = "1,2";
			};
			name = Debug;
		};
		6A18A3432C2B354E00C9DBF5 /* Release */ = {
			isa = XCBuildConfiguration;
			buildSettings = {
				ASSETCATALOG_COMPILER_APPICON_NAME = AppIcon;
				ASSETCATALOG_COMPILER_GLOBAL_ACCENT_COLOR_NAME = AccentColor;
				CODE_SIGN_STYLE = Automatic;
				CURRENT_PROJECT_VERSION = 1;
				DEVELOPMENT_ASSET_PATHS = "\"Mybooks/Preview Content\"";
				ENABLE_PREVIEWS = YES;
				GENERATE_INFOPLIST_FILE = YES;
				INFOPLIST_KEY_UIApplicationSceneManifest_Generation = YES;
				INFOPLIST_KEY_UIApplicationSupportsIndirectInputEvents = YES;
				INFOPLIST_KEY_UILaunchScreen_Generation = YES;
				INFOPLIST_KEY_UISupportedInterfaceOrientations_iPad = "UIInterfaceOrientationPortrait UIInterfaceOrientationPortraitUpsideDown UIInterfaceOrientationLandscapeLeft UIInterfaceOrientationLandscapeRight";
				INFOPLIST_KEY_UISupportedInterfaceOrientations_iPhone = "UIInterfaceOrientationPortrait UIInterfaceOrientationLandscapeLeft UIInterfaceOrientationLandscapeRight";
				LD_RUNPATH_SEARCH_PATHS = (
					"$(inherited)",
					"@executable_path/Frameworks",
				);
				MARKETING_VERSION = 1.0;
				PRODUCT_BUNDLE_IDENTIFIER = PedroDev.Mybooks;
				PRODUCT_NAME = "$(TARGET_NAME)";
				SWIFT_EMIT_LOC_STRINGS = YES;
				SWIFT_VERSION = 5.0;
				TARGETED_DEVICE_FAMILY = "1,2";
			};
			name = Release;
		};
		6A18A3452C2B354E00C9DBF5 /* Debug */ = {
			isa = XCBuildConfiguration;
			buildSettings = {
				ALWAYS_EMBED_SWIFT_STANDARD_LIBRARIES = YES;
				BUNDLE_LOADER = "$(TEST_HOST)";
				CODE_SIGN_STYLE = Automatic;
				CURRENT_PROJECT_VERSION = 1;
				GENERATE_INFOPLIST_FILE = YES;
				IPHONEOS_DEPLOYMENT_TARGET = 17.2;
				MARKETING_VERSION = 1.0;
				PRODUCT_BUNDLE_IDENTIFIER = PedroDev.MybooksTests;
				PRODUCT_NAME = "$(TARGET_NAME)";
				SWIFT_EMIT_LOC_STRINGS = NO;
				SWIFT_VERSION = 5.0;
				TARGETED_DEVICE_FAMILY = "1,2";
				TEST_HOST = "$(BUILT_PRODUCTS_DIR)/Mybooks.app/$(BUNDLE_EXECUTABLE_FOLDER_PATH)/Mybooks";
			};
			name = Debug;
		};
		6A18A3462C2B354E00C9DBF5 /* Release */ = {
			isa = XCBuildConfiguration;
			buildSettings = {
				ALWAYS_EMBED_SWIFT_STANDARD_LIBRARIES = YES;
				BUNDLE_LOADER = "$(TEST_HOST)";
				CODE_SIGN_STYLE = Automatic;
				CURRENT_PROJECT_VERSION = 1;
				GENERATE_INFOPLIST_FILE = YES;
				IPHONEOS_DEPLOYMENT_TARGET = 17.2;
				MARKETING_VERSION = 1.0;
				PRODUCT_BUNDLE_IDENTIFIER = PedroDev.MybooksTests;
				PRODUCT_NAME = "$(TARGET_NAME)";
				SWIFT_EMIT_LOC_STRINGS = NO;
				SWIFT_VERSION = 5.0;
				TARGETED_DEVICE_FAMILY = "1,2";
				TEST_HOST = "$(BUILT_PRODUCTS_DIR)/Mybooks.app/$(BUNDLE_EXECUTABLE_FOLDER_PATH)/Mybooks";
			};
			name = Release;
		};
		6A18A3482C2B354E00C9DBF5 /* Debug */ = {
			isa = XCBuildConfiguration;
			buildSettings = {
				ALWAYS_EMBED_SWIFT_STANDARD_LIBRARIES = YES;
				CODE_SIGN_STYLE = Automatic;
				CURRENT_PROJECT_VERSION = 1;
				GENERATE_INFOPLIST_FILE = YES;
				MARKETING_VERSION = 1.0;
				PRODUCT_BUNDLE_IDENTIFIER = PedroDev.MybooksUITests;
				PRODUCT_NAME = "$(TARGET_NAME)";
				SWIFT_EMIT_LOC_STRINGS = NO;
				SWIFT_VERSION = 5.0;
				TARGETED_DEVICE_FAMILY = "1,2";
				TEST_TARGET_NAME = Mybooks;
			};
			name = Debug;
		};
		6A18A3492C2B354E00C9DBF5 /* Release */ = {
			isa = XCBuildConfiguration;
			buildSettings = {
				ALWAYS_EMBED_SWIFT_STANDARD_LIBRARIES = YES;
				CODE_SIGN_STYLE = Automatic;
				CURRENT_PROJECT_VERSION = 1;
				GENERATE_INFOPLIST_FILE = YES;
				MARKETING_VERSION = 1.0;
				PRODUCT_BUNDLE_IDENTIFIER = PedroDev.MybooksUITests;
				PRODUCT_NAME = "$(TARGET_NAME)";
				SWIFT_EMIT_LOC_STRINGS = NO;
				SWIFT_VERSION = 5.0;
				TARGETED_DEVICE_FAMILY = "1,2";
				TEST_TARGET_NAME = Mybooks;
			};
			name = Release;
		};
/* End XCBuildConfiguration section */

/* Begin XCConfigurationList section */
		6A18A3182C2B354C00C9DBF5 /* Build configuration list for PBXProject "Mybooks" */ = {
			isa = XCConfigurationList;
			buildConfigurations = (
				6A18A33F2C2B354E00C9DBF5 /* Debug */,
				6A18A3402C2B354E00C9DBF5 /* Release */,
			);
			defaultConfigurationIsVisible = 0;
			defaultConfigurationName = Release;
		};
		6A18A3412C2B354E00C9DBF5 /* Build configuration list for PBXNativeTarget "Mybooks" */ = {
			isa = XCConfigurationList;
			buildConfigurations = (
				6A18A3422C2B354E00C9DBF5 /* Debug */,
				6A18A3432C2B354E00C9DBF5 /* Release */,
			);
			defaultConfigurationIsVisible = 0;
			defaultConfigurationName = Release;
		};
		6A18A3442C2B354E00C9DBF5 /* Build configuration list for PBXNativeTarget "MybooksTests" */ = {
			isa = XCConfigurationList;
			buildConfigurations = (
				6A18A3452C2B354E00C9DBF5 /* Debug */,
				6A18A3462C2B354E00C9DBF5 /* Release */,
			);
			defaultConfigurationIsVisible = 0;
			defaultConfigurationName = Release;
		};
		6A18A3472C2B354E00C9DBF5 /* Build configuration list for PBXNativeTarget "MybooksUITests" */ = {
			isa = XCConfigurationList;
			buildConfigurations = (
				6A18A3482C2B354E00C9DBF5 /* Debug */,
				6A18A3492C2B354E00C9DBF5 /* Release */,
			);
			defaultConfigurationIsVisible = 0;
			defaultConfigurationName = Release;
		};
/* End XCConfigurationList section */
	};
	rootObject = 6A18A3152C2B354C00C9DBF5 /* Project object */;
}
